
Microsoft Visual Studio Solution File, Format Version 12.00
# Visual Studio 2012
Project("{FAE04EC0-301F-11D3-BF4B-00C04F79EFBC}") = "RExplorer", "Explorer\RExplorer.csproj", "{14ABE866-003A-4822-B20A-FC428D5FAF67}"
EndProject
Project("{FAE04EC0-301F-11D3-BF4B-00C04F79EFBC}") = "RAppShared", "RAppShared\RAppShared.csproj", "{E98CCB60-1437-4635-89A9-82346B6023F1}"
EndProject
Project("{2150E333-8FDC-42A3-9474-1A3956D46DE8}") = "Libs", "Libs", "{55EC28E6-2A91-4437-B28A-D1803C2863EB}"
EndProject
Project("{FAE04EC0-301F-11D3-BF4B-00C04F79EFBC}") = "RAppSharedForms", "RAppSharedForms\RAppSharedForms.csproj", "{52B6DC2D-56C6-4E01-A2B0-ABB346F6C54E}"
	ProjectSection(ProjectDependencies) = postProject
		{E98CCB60-1437-4635-89A9-82346B6023F1} = {E98CCB60-1437-4635-89A9-82346B6023F1}
	EndProjectSection
EndProject
Project("{FAE04EC0-301F-11D3-BF4B-00C04F79EFBC}") = "RArchiveInterface", "RArchiveInterface\RArchiveInterface.csproj", "{4C7B49DD-9F0C-45D9-8DEE-42CD830E0C51}"
EndProject
Project("{FAE04EC0-301F-11D3-BF4B-00C04F79EFBC}") = "RExtractorCore", "RExtractorCore\RExtractorCore.csproj", "{CC51B4E6-DD91-4204-9BD6-2C9FEAD60031}"
	ProjectSection(ProjectDependencies) = postProject
		{00F87309-AD02-4D68-86A0-E27B17B7972D} = {00F87309-AD02-4D68-86A0-E27B17B7972D}
		{E98CCB60-1437-4635-89A9-82346B6023F1} = {E98CCB60-1437-4635-89A9-82346B6023F1}
		{4C7B49DD-9F0C-45D9-8DEE-42CD830E0C51} = {4C7B49DD-9F0C-45D9-8DEE-42CD830E0C51}
	EndProjectSection
EndProject
Project("{FAE04EC0-301F-11D3-BF4B-00C04F79EFBC}") = "RScannerCore", "RScannerCore\RScannerCore.csproj", "{00F87309-AD02-4D68-86A0-E27B17B7972D}"
	ProjectSection(ProjectDependencies) = postProject
		{E98CCB60-1437-4635-89A9-82346B6023F1} = {E98CCB60-1437-4635-89A9-82346B6023F1}
		{4C7B49DD-9F0C-45D9-8DEE-42CD830E0C51} = {4C7B49DD-9F0C-45D9-8DEE-42CD830E0C51}
	EndProjectSection
EndProject
Project("{2150E333-8FDC-42A3-9474-1A3956D46DE8}") = "Plugins", "Plugins", "{1619B848-46C1-4564-B8CA-4E1CCCD2B0BF}"
EndProject
Project("{FAE04EC0-301F-11D3-BF4B-00C04F79EFBC}") = "ArchivePlugins", "ArchivePlugins\ArchivePlugins.csproj", "{0126FA5C-1EF1-492C-A831-95A60039ABAD}"
EndProject
Project("{2150E333-8FDC-42A3-9474-1A3956D46DE8}") = "PluginsLib", "PluginsLib", "{A81031D2-63AD-4C82-B967-D6DA20F15181}"
EndProject
Global
	GlobalSection(SolutionConfigurationPlatforms) = preSolution
		Debug|x86 = Debug|x86
		Release|x86 = Release|x86
	EndGlobalSection
	GlobalSection(ProjectConfigurationPlatforms) = postSolution
		{14ABE866-003A-4822-B20A-FC428D5FAF67}.Debug|x86.ActiveCfg = Debug|x86
		{14ABE866-003A-4822-B20A-FC428D5FAF67}.Debug|x86.Build.0 = Debug|x86
		{14ABE866-003A-4822-B20A-FC428D5FAF67}.Release|x86.ActiveCfg = Release|x86
		{14ABE866-003A-4822-B20A-FC428D5FAF67}.Release|x86.Build.0 = Release|x86
		{E98CCB60-1437-4635-89A9-82346B6023F1}.Debug|x86.ActiveCfg = Debug|x86
		{E98CCB60-1437-4635-89A9-82346B6023F1}.Debug|x86.Build.0 = Debug|x86
		{E98CCB60-1437-4635-89A9-82346B6023F1}.Release|x86.ActiveCfg = Release|x86
		{E98CCB60-1437-4635-89A9-82346B6023F1}.Release|x86.Build.0 = Release|x86
		{52B6DC2D-56C6-4E01-A2B0-ABB346F6C54E}.Debug|x86.ActiveCfg = Debug|x86
		{52B6DC2D-56C6-4E01-A2B0-ABB346F6C54E}.Debug|x86.Build.0 = Debug|x86
		{52B6DC2D-56C6-4E01-A2B0-ABB346F6C54E}.Release|x86.ActiveCfg = Release|x86
		{52B6DC2D-56C6-4E01-A2B0-ABB346F6C54E}.Release|x86.Build.0 = Release|x86
		{4C7B49DD-9F0C-45D9-8DEE-42CD830E0C51}.Debug|x86.ActiveCfg = Debug|x86
		{4C7B49DD-9F0C-45D9-8DEE-42CD830E0C51}.Debug|x86.Build.0 = Debug|x86
		{4C7B49DD-9F0C-45D9-8DEE-42CD830E0C51}.Release|x86.ActiveCfg = Release|x86
		{4C7B49DD-9F0C-45D9-8DEE-42CD830E0C51}.Release|x86.Build.0 = Release|x86
		{CC51B4E6-DD91-4204-9BD6-2C9FEAD60031}.Debug|x86.ActiveCfg = Debug|x86
		{CC51B4E6-DD91-4204-9BD6-2C9FEAD60031}.Debug|x86.Build.0 = Debug|x86
		{CC51B4E6-DD91-4204-9BD6-2C9FEAD60031}.Release|x86.ActiveCfg = Release|x86
		{CC51B4E6-DD91-4204-9BD6-2C9FEAD60031}.Release|x86.Build.0 = Release|x86
		{00F87309-AD02-4D68-86A0-E27B17B7972D}.Debug|x86.ActiveCfg = Debug|x86
		{00F87309-AD02-4D68-86A0-E27B17B7972D}.Debug|x86.Build.0 = Debug|x86
		{00F87309-AD02-4D68-86A0-E27B17B7972D}.Release|x86.ActiveCfg = Release|x86
		{00F87309-AD02-4D68-86A0-E27B17B7972D}.Release|x86.Build.0 = Release|x86
		{0126FA5C-1EF1-492C-A831-95A60039ABAD}.Debug|x86.ActiveCfg = Debug|x86
		{0126FA5C-1EF1-492C-A831-95A60039ABAD}.Debug|x86.Build.0 = Debug|x86
		{0126FA5C-1EF1-492C-A831-95A60039ABAD}.Release|x86.ActiveCfg = Release|x86
		{0126FA5C-1EF1-492C-A831-95A60039ABAD}.Release|x86.Build.0 = Release|x86
	EndGlobalSection
	GlobalSection(SolutionProperties) = preSolution
		HideSolutionNode = FALSE
	EndGlobalSection
	GlobalSection(NestedProjects) = preSolution
		{E98CCB60-1437-4635-89A9-82346B6023F1} = {55EC28E6-2A91-4437-B28A-D1803C2863EB}
		{52B6DC2D-56C6-4E01-A2B0-ABB346F6C54E} = {55EC28E6-2A91-4437-B28A-D1803C2863EB}
		{4C7B49DD-9F0C-45D9-8DEE-42CD830E0C51} = {55EC28E6-2A91-4437-B28A-D1803C2863EB}
		{CC51B4E6-DD91-4204-9BD6-2C9FEAD60031} = {55EC28E6-2A91-4437-B28A-D1803C2863EB}
		{00F87309-AD02-4D68-86A0-E27B17B7972D} = {55EC28E6-2A91-4437-B28A-D1803C2863EB}
		{0126FA5C-1EF1-492C-A831-95A60039ABAD} = {1619B848-46C1-4564-B8CA-4E1CCCD2B0BF}
		{A81031D2-63AD-4C82-B967-D6DA20F15181} = {1619B848-46C1-4564-B8CA-4E1CCCD2B0BF}
	EndGlobalSection
EndGlobal
